# This file is generated by running "yarn install" inside your project.
# Manual changes might be lost - proceed with caution!

__metadata:
  version: 8
  cacheKey: 10

"@parent/core@workspace:.":
  version: 0.0.0-use.local
  resolution: "@parent/core@workspace:."
  dependencies:
    "@types/node": "npm:^20.11.16"
  languageName: unknown
  linkType: soft

"@types/node@npm:^20.11.16":
  version: 20.11.16
  resolution: "@types/node@npm:20.11.16"
  dependencies:
    undici-types: "npm:~5.26.4"
  checksum: 751f50ec5c9332b11515e82fe37c71479ac4449b711280aa3c7910edf67b1e3f5ac00041512add543f9a892096a68356406998bf02a2c809a73d176c44c28414
  languageName: node
  linkType: hard

"undici-types@npm:~5.26.4":
  version: 5.26.5
  resolution: "undici-types@npm:5.26.5"
  checksum: 0097779d94bc0fd26f0418b3a05472410408877279141ded2bd449167be1aed7ea5b76f756562cb3586a07f251b90799bab22d9019ceba49c037c76445f7cddd
  languageName: node
  linkType: hard
